
Microsoft Visual Studio Solution File, Format Version 12.00
# Visual Studio Version 17
VisualStudioVersion = 17.6.33815.320
MinimumVisualStudioVersion = 10.0.40219.1
Project("{FAE04EC0-301F-11D3-BF4B-00C04F79EFBC}") = "14", "14\14.csproj", "{059CFFAC-0745-4987-8A2C-99125BDC6481}"
EndProject
Global
	GlobalSection(SolutionConfigurationPlatforms) = preSolution
		Debug|Any CPU = Debug|Any CPU
		Release|Any CPU = Release|Any CPU
	EndGlobalSection
	GlobalSection(ProjectConfigurationPlatforms) = postSolution
		{059CFFAC-0745-4987-8A2C-99125BDC6481}.Debug|Any CPU.ActiveCfg = Debug|Any CPU
		{059CFFAC-0745-4987-8A2C-99125BDC6481}.Debug|Any CPU.Build.0 = Debug|Any CPU
		{059CFFAC-0745-4987-8A2C-99125BDC6481}.Release|Any CPU.ActiveCfg = Release|Any CPU
		{059CFFAC-0745-4987-8A2C-99125BDC6481}.Release|Any CPU.Build.0 = Release|Any CPU
	EndGlobalSection
	GlobalSection(SolutionProperties) = preSolution
		HideSolutionNode = FALSE
	EndGlobalSection
	GlobalSection(ExtensibilityGlobals) = postSolution
		SolutionGuid = {8542CA30-D8EB-49D0-82AC-044BE4B5A354}
	EndGlobalSection
EndGlobal
